
Microsoft Visual Studio Solution File, Format Version 12.00
# Visual Studio Version 17
VisualStudioVersion = 17.0.31903.59
MinimumVisualStudioVersion = 10.0.40219.1
Project("{FAE04EC0-301F-11D3-BF4B-00C04F79EFBC}") = "MICR.Aggregator.Demo.API", "src\MICR.Aggregator.Demo.API\MICR.Aggregator.Demo.API.csproj", "{B39C61AE-DCA9-404F-B612-B4B854619AED}"
EndProject
Global
	GlobalSection(SolutionConfigurationPlatforms) = preSolution
		Debug|Any CPU = Debug|Any CPU
		Release|Any CPU = Release|Any CPU
	EndGlobalSection
	GlobalSection(ProjectConfigurationPlatforms) = postSolution
		{B39C61AE-DCA9-404F-B612-B4B854619AED}.Debug|Any CPU.ActiveCfg = Debug|Any CPU
		{B39C61AE-DCA9-404F-B612-B4B854619AED}.Debug|Any CPU.Build.0 = Debug|Any CPU
		{B39C61AE-DCA9-404F-B612-B4B854619AED}.Release|Any CPU.ActiveCfg = Release|Any CPU
		{B39C61AE-DCA9-404F-B612-B4B854619AED}.Release|Any CPU.Build.0 = Release|Any CPU
	EndGlobalSection
	GlobalSection(SolutionProperties) = preSolution
		HideSolutionNode = FALSE
	EndGlobalSection
	GlobalSection(ExtensibilityGlobals) = postSolution
		SolutionGuid = {A80D25C3-B3A3-40BC-A9CF-D625B8AA2F05}
	EndGlobalSection
EndGlobal
